<?xml version="1.0" encoding="UTF-8"?>
<Scheme
   LastUpgradeVersion = "1620"
   version = "1.7">
   <BuildAction
      parallelizeBuildables = "YES"
      buildImplicitDependencies = "YES"
      buildArchitectures = "Automatic">
      <BuildActionEntries>
         <BuildActionEntry
            buildForTesting = "YES"
            buildForRunning = "YES"
            buildForProfiling = "YES"
            buildForArchiving = "YES"
            buildForAnalyzing = "YES">
            <BuildableReference
               BuildableIdentifier = "primary"
               BlueprintIdentifier = "67F1FD132E10715C001FDF03"
               BuildableName = "yavshok-ios.app"
               BlueprintName = "yavshok-ios"
               ReferencedContainer = "container:yavshok-ios.xcodeproj">
            </BuildableReference>
         </BuildActionEntry>
      </BuildActionEntries>
   </BuildAction>
   <TestAction
      buildConfiguration = "Debug"
      selectedDebuggerIdentifier = "Xcode.DebuggerFoundation.Debugger.LLDB"
      selectedLauncherIdentifier = "Xcode.DebuggerFoundation.Launcher.LLDB"
      shouldUseLaunchSchemeArgsEnv = "YES">
      <TestPlans>
         <TestPlanReference
            reference = "container:smoke.xctestplan">
         </TestPlanReference>
         <TestPlanReference
            reference = "container:registration.xctestplan">
         </TestPlanReference>
         <TestPlanReference
            reference = "container:login.xctestplan">
         </TestPlanReference>
         <TestPlanReference
            reference = "container:profile.xctestplan">
         </TestPlanReference>
         <TestPlanReference
            reference = "container:mainPage.xctestplan">
         </TestPlanReference>
         <TestPlanReference
            reference = "container:regression.xctestplan">
         </TestPlanReference>
      </TestPlans>
      <Testables>
         <TestableReference
            skipped = "NO"
            parallelizable = "YES">
            <BuildableReference
               BuildableIdentifier = "primary"
               BlueprintIdentifier = "8E2FEBD12E2FAA3200DA6F51"
               BuildableName = "yavshok-iosUITests.xctest"
               BlueprintName = "yavshok-iosUITests"
               ReferencedContainer = "container:yavshok-ios.xcodeproj">
            </BuildableReference>
         </TestableReference>
         <TestableReference
            skipped = "NO">
            <BuildableReference
               BuildableIdentifier = "primary"
               BlueprintIdentifier = "8E2FEBD12E2FAA3200DA6F51"
               BuildableName = "yavshok-iosUITests.xctest"
               BlueprintName = "yavshok-iosUITests"
               ReferencedContainer = "container:yavshok-ios.xcodeproj">
            </BuildableReference>
            <SelectedTests>
               <Test
                  Identifier = "LaunchTests/testLaunch()">
               </Test>
            </SelectedTests>
         </TestableReference>
         <TestableReference
            skipped = "NO">
            <BuildableReference
               BuildableIdentifier = "primary"
               BlueprintIdentifier = "8E2FEBD12E2FAA3200DA6F51"
               BuildableName = "yavshok-iosUITests.xctest"
               BlueprintName = "yavshok-iosUITests"
               ReferencedContainer = "container:yavshok-ios.xcodeproj">
            </BuildableReference>
            <SelectedTests>
               <Test
                  Identifier = "LoginPageTests/testNavigateFromLoginPageToMainPage()">
               </Test>
               <Test
                  Identifier = "LoginPageTests/testNavigateFromLoginPageToProfilePage()">
               </Test>
               <Test
                  Identifier = "LoginPageTests/testNavigateFromLoginPageToRegisterPage()">
               </Test>
               <Test
                  Identifier = "LoginPageTests/testShowErrorOnLoginPage()">
               </Test>
               <Test
                  Identifier = "LoginPageTests/testShowPlaceholdersOnMainPage()">
               </Test>
               <Test
                  Identifier = "RegisterPageTests/testNavigateFromRegisterPageToLoginPage()">
               </Test>
            </SelectedTests>
         </TestableReference>
         <TestableReference
            skipped = "NO">
            <BuildableReference
               BuildableIdentifier = "primary"
               BlueprintIdentifier = "8E2FEBD12E2FAA3200DA6F51"
               BuildableName = "yavshok-iosUITests.xctest"
               BlueprintName = "yavshok-iosUITests"
               ReferencedContainer = "container:yavshok-ios.xcodeproj">
            </BuildableReference>
            <SelectedTests>
               <Test
                  Identifier = "RegisterPageTests/testCheckStatusAdultCat()">
               </Test>
               <Test
                  Identifier = "RegisterPageTests/testCheckStatusOldCat()">
               </Test>
               <Test
                  Identifier = "RegisterPageTests/testCheckStatusYoungCat()">
               </Test>
               <Test
                  Identifier = "RegisterPageTests/testNavigateFromRegisterPageToLoginPage()">
               </Test>
               <Test
                  Identifier = "RegisterPageTests/testShowPlaceholdersOnMainPage()">
               </Test>
               <Test
                  Identifier = "RegisterPageTests/testSuccessRegisterUser()">
               </Test>
            </SelectedTests>
         </TestableReference>
         <TestableReference
            skipped = "NO">
            <BuildableReference
               BuildableIdentifier = "primary"
               BlueprintIdentifier = "8E2FEBD12E2FAA3200DA6F51"
               BuildableName = "yavshok-iosUITests.xctest"
               BlueprintName = "yavshok-iosUITests"
               ReferencedContainer = "container:yavshok-ios.xcodeproj">
            </BuildableReference>
            <SelectedTests>
               <Test
                  Identifier = "LoginPageTests/testNavigateFromLoginPageToRegisterPage()">
               </Test>
               <Test
                  Identifier = "RegisterPageTests/testCheckStatusAdultCat()">
               </Test>
               <Test
                  Identifier = "RegisterPageTests/testCheckStatusOldCat()">
               </Test>
               <Test
                  Identifier = "RegisterPageTests/testCheckStatusYoungCat()">
               </Test>
               <Test
                  Identifier = "RegisterPageTests/testNavigateFromRegisterPageToLoginPage()">
               </Test>
               <Test
                  Identifier = "RegisterPageTests/testShowPlaceholdersOnMainPage()">
               </Test>
               <Test
                  Identifier = "RegisterPageTests/testSuccessRegisterUser()">
               </Test>
            </SelectedTests>
         </TestableReference>
         <TestableReference
            skipped = "NO">
            <BuildableReference
               BuildableIdentifier = "primary"
               BlueprintIdentifier = "8E2FEBD12E2FAA3200DA6F51"
               BuildableName = "yavshok-iosUITests.xctest"
               BlueprintName = "yavshok-iosUITests"
               ReferencedContainer = "container:yavshok-ios.xcodeproj">
            </BuildableReference>
            <SelectedTests>
               <Test
                  Identifier = "RegisterPageTests/testSuccessRegisterUser()">
               </Test>
            </SelectedTests>
         </TestableReference>
         <TestableReference
            skipped = "NO">
            <BuildableReference
               BuildableIdentifier = "primary"
               BlueprintIdentifier = "8E2FEBD12E2FAA3200DA6F51"
               BuildableName = "yavshok-iosUITests.xctest"
               BlueprintName = "yavshok-iosUITests"
               ReferencedContainer = "container:yavshok-ios.xcodeproj">
            </BuildableReference>
            <SelectedTests>
               <Test
                  Identifier = "LoginPageTests/testNavigateFromLoginPageToMainPage()">
               </Test>
               <Test
                  Identifier = "LoginPageTests/testNavigateFromLoginPageToProfilePage()">
               </Test>
               <Test
                  Identifier = "LoginPageTests/testNavigateFromLoginPageToRegisterPage()">
               </Test>
               <Test
                  Identifier = "LoginPageTests/testShowErrorOnLoginPage()">
               </Test>
               <Test
                  Identifier = "LoginPageTests/testShowPlaceholdersOnMainPage()">
               </Test>
            </SelectedTests>
         </TestableReference>
         <TestableReference
            skipped = "NO">
            <BuildableReference
               BuildableIdentifier = "primary"
               BlueprintIdentifier = "8E2FEBD12E2FAA3200DA6F51"
               BuildableName = "yavshok-iosUITests.xctest"
               BlueprintName = "yavshok-iosUITests"
               ReferencedContainer = "container:yavshok-ios.xcodeproj">
            </BuildableReference>
            <SelectedTests>
               <Test
                  Identifier = "EditProfilePageTests/testShowAllViewsOnProfilePage()">
               </Test>
            </SelectedTests>
         </TestableReference>
         <TestableReference
            skipped = "NO">
            <BuildableReference
               BuildableIdentifier = "primary"
               BlueprintIdentifier = "8E2FEBD12E2FAA3200DA6F51"
               BuildableName = "yavshok-iosUITests.xctest"
               BlueprintName = "yavshok-iosUITests"
               ReferencedContainer = "container:yavshok-ios.xcodeproj">
            </BuildableReference>
            <SelectedTests>
               <Test
                  Identifier = "MainPageTests/testNavigateFromMainPageToLoginPage()">
               </Test>
               <Test
                  Identifier = "MainPageTests/testShowConfettiOnMainPage()">
               </Test>
               <Test
                  Identifier = "MainPageTests/testShowInShockLabelOnMainPage()">
               </Test>
               <Test
                  Identifier = "MainPageTests/testShowNotInShockLabelOnMainPage()">
               </Test>
               <Test
                  Identifier = "MainPageTests/testShowSuccessCatOnMainPage()">
               </Test>
               <Test
                  Identifier = "MainPageTests/testTypeEmailOnMainPage()">
               </Test>
            </SelectedTests>
         </TestableReference>
         <TestableReference
            skipped = "NO">
            <BuildableReference
               BuildableIdentifier = "primary"
               BlueprintIdentifier = "8E2FEBD12E2FAA3200DA6F51"
               BuildableName = "yavshok-iosUITests.xctest"
               BlueprintName = "yavshok-iosUITests"
               ReferencedContainer = "container:yavshok-ios.xcodeproj">
            </BuildableReference>
            <SelectedTests>
               <Test
                  Identifier = "EditProfilePageTests/testChangeNameOnProfilePage()">
               </Test>
               <Test
                  Identifier = "EditProfilePageTests/testNavigateFromEditProfilePageToProfilePage()">
               </Test>
               <Test
                  Identifier = "EditProfilePageTests/testShowAllViewsOnProfilePage()">
               </Test>
            </SelectedTests>
         </TestableReference>
      </Testables>
   </TestAction>
   <LaunchAction
      buildConfiguration = "Debug"
      selectedDebuggerIdentifier = "Xcode.DebuggerFoundation.Debugger.LLDB"
      selectedLauncherIdentifier = "Xcode.DebuggerFoundation.Launcher.LLDB"
      launchStyle = "0"
      useCustomWorkingDirectory = "NO"
      ignoresPersistentStateOnLaunch = "NO"
      debugDocumentVersioning = "YES"
      debugServiceExtension = "internal"
      allowLocationSimulation = "YES">
      <BuildableProductRunnable
         runnableDebuggingMode = "0">
         <BuildableReference
            BuildableIdentifier = "primary"
            BlueprintIdentifier = "67F1FD132E10715C001FDF03"
            BuildableName = "yavshok-ios.app"
            BlueprintName = "yavshok-ios"
            ReferencedContainer = "container:yavshok-ios.xcodeproj">
         </BuildableReference>
      </BuildableProductRunnable>
   </LaunchAction>
   <ProfileAction
      buildConfiguration = "Release"
      shouldUseLaunchSchemeArgsEnv = "YES"
      savedToolIdentifier = ""
      useCustomWorkingDirectory = "NO"
      debugDocumentVersioning = "YES">
      <BuildableProductRunnable
         runnableDebuggingMode = "0">
         <BuildableReference
            BuildableIdentifier = "primary"
            BlueprintIdentifier = "67F1FD132E10715C001FDF03"
            BuildableName = "yavshok-ios.app"
            BlueprintName = "yavshok-ios"
            ReferencedContainer = "container:yavshok-ios.xcodeproj">
         </BuildableReference>
      </BuildableProductRunnable>
   </ProfileAction>
   <AnalyzeAction
      buildConfiguration = "Debug">
   </AnalyzeAction>
   <ArchiveAction
      buildConfiguration = "Release"
      revealArchiveInOrganizer = "YES">
   </ArchiveAction>
</Scheme>
